
Microsoft Visual Studio Solution File, Format Version 12.00
# Visual Studio Version 16
VisualStudioVersion = 16.0.31605.320
MinimumVisualStudioVersion = 10.0.40219.1
Project("{9A19103F-16F7-4668-BE54-9A1E7A4F7556}") = "Bitmap Extensions", "Bitmap Extensions\Bitmap Extensions.csproj", "{C4EE7C57-44F2-4AEE-AFD1-49D426287E47}"
EndProject
Project("{FAE04EC0-301F-11D3-BF4B-00C04F79EFBC}") = "UdpServerService", "UdpServerService\UdpServerService.csproj", "{DA991247-87DA-4354-A0BD-FC2D7F8659AB}"
EndProject
Project("{FAE04EC0-301F-11D3-BF4B-00C04F79EFBC}") = "UdpServerUI", "UdpServerUI\UdpServerUI.csproj", "{97B141B0-CC94-4AAF-AB55-6DC85C9CC0C7}"
EndProject
Global
	GlobalSection(SolutionConfigurationPlatforms) = preSolution
		Debug|Any CPU = Debug|Any CPU
		Debug|x64 = Debug|x64
		Debug|x86 = Debug|x86
		Release|Any CPU = Release|Any CPU
		Release|x64 = Release|x64
		Release|x86 = Release|x86
	EndGlobalSection
	GlobalSection(ProjectConfigurationPlatforms) = postSolution
		{C4EE7C57-44F2-4AEE-AFD1-49D426287E47}.Debug|Any CPU.ActiveCfg = Debug|Any CPU
		{C4EE7C57-44F2-4AEE-AFD1-49D426287E47}.Debug|Any CPU.Build.0 = Debug|Any CPU
		{C4EE7C57-44F2-4AEE-AFD1-49D426287E47}.Debug|x64.ActiveCfg = Debug|Any CPU
		{C4EE7C57-44F2-4AEE-AFD1-49D426287E47}.Debug|x64.Build.0 = Debug|Any CPU
		{C4EE7C57-44F2-4AEE-AFD1-49D426287E47}.Debug|x86.ActiveCfg = Debug|Any CPU
		{C4EE7C57-44F2-4AEE-AFD1-49D426287E47}.Debug|x86.Build.0 = Debug|Any CPU
		{C4EE7C57-44F2-4AEE-AFD1-49D426287E47}.Release|Any CPU.ActiveCfg = Release|Any CPU
		{C4EE7C57-44F2-4AEE-AFD1-49D426287E47}.Release|Any CPU.Build.0 = Release|Any CPU
		{C4EE7C57-44F2-4AEE-AFD1-49D426287E47}.Release|x64.ActiveCfg = Release|Any CPU
		{C4EE7C57-44F2-4AEE-AFD1-49D426287E47}.Release|x64.Build.0 = Release|Any CPU
		{C4EE7C57-44F2-4AEE-AFD1-49D426287E47}.Release|x86.ActiveCfg = Release|Any CPU
		{C4EE7C57-44F2-4AEE-AFD1-49D426287E47}.Release|x86.Build.0 = Release|Any CPU
		{DA991247-87DA-4354-A0BD-FC2D7F8659AB}.Debug|Any CPU.ActiveCfg = Debug|Any CPU
		{DA991247-87DA-4354-A0BD-FC2D7F8659AB}.Debug|Any CPU.Build.0 = Debug|Any CPU
		{DA991247-87DA-4354-A0BD-FC2D7F8659AB}.Debug|x64.ActiveCfg = Debug|Any CPU
		{DA991247-87DA-4354-A0BD-FC2D7F8659AB}.Debug|x64.Build.0 = Debug|Any CPU
		{DA991247-87DA-4354-A0BD-FC2D7F8659AB}.Debug|x86.ActiveCfg = Debug|Any CPU
		{DA991247-87DA-4354-A0BD-FC2D7F8659AB}.Debug|x86.Build.0 = Debug|Any CPU
		{DA991247-87DA-4354-A0BD-FC2D7F8659AB}.Release|Any CPU.ActiveCfg = Release|Any CPU
		{DA991247-87DA-4354-A0BD-FC2D7F8659AB}.Release|Any CPU.Build.0 = Release|Any CPU
		{DA991247-87DA-4354-A0BD-FC2D7F8659AB}.Release|x64.ActiveCfg = Release|Any CPU
		{DA991247-87DA-4354-A0BD-FC2D7F8659AB}.Release|x64.Build.0 = Release|Any CPU
		{DA991247-87DA-4354-A0BD-FC2D7F8659AB}.Release|x86.ActiveCfg = Release|Any CPU
		{DA991247-87DA-4354-A0BD-FC2D7F8659AB}.Release|x86.Build.0 = Release|Any CPU
		{97B141B0-CC94-4AAF-AB55-6DC85C9CC0C7}.Debug|Any CPU.ActiveCfg = Debug|Any CPU
		{97B141B0-CC94-4AAF-AB55-6DC85C9CC0C7}.Debug|Any CPU.Build.0 = Debug|Any CPU
		{97B141B0-CC94-4AAF-AB55-6DC85C9CC0C7}.Debug|x64.ActiveCfg = Debug|Any CPU
		{97B141B0-CC94-4AAF-AB55-6DC85C9CC0C7}.Debug|x64.Build.0 = Debug|Any CPU
		{97B141B0-CC94-4AAF-AB55-6DC85C9CC0C7}.Debug|x86.ActiveCfg = Debug|Any CPU
		{97B141B0-CC94-4AAF-AB55-6DC85C9CC0C7}.Debug|x86.Build.0 = Debug|Any CPU
		{97B141B0-CC94-4AAF-AB55-6DC85C9CC0C7}.Release|Any CPU.ActiveCfg = Release|Any CPU
		{97B141B0-CC94-4AAF-AB55-6DC85C9CC0C7}.Release|Any CPU.Build.0 = Release|Any CPU
		{97B141B0-CC94-4AAF-AB55-6DC85C9CC0C7}.Release|x64.ActiveCfg = Release|Any CPU
		{97B141B0-CC94-4AAF-AB55-6DC85C9CC0C7}.Release|x64.Build.0 = Release|Any CPU
		{97B141B0-CC94-4AAF-AB55-6DC85C9CC0C7}.Release|x86.ActiveCfg = Release|Any CPU
		{97B141B0-CC94-4AAF-AB55-6DC85C9CC0C7}.Release|x86.Build.0 = Release|Any CPU
	EndGlobalSection
	GlobalSection(SolutionProperties) = preSolution
		HideSolutionNode = FALSE
	EndGlobalSection
	GlobalSection(ExtensibilityGlobals) = postSolution
		SolutionGuid = {41B96B72-3107-462E-988C-F2B9B4C61F9B}
	EndGlobalSection
EndGlobal
